
Microsoft Visual Studio Solution File, Format Version 12.00
# Visual Studio 2013
VisualStudioVersion = 12.0.31101.0
MinimumVisualStudioVersion = 10.0.40219.1
Project("{8BC9CEB8-8B4A-11D0-8D11-00A0C91BC942}") = "freeglut_static", "freeglut\msvc\freeglut_static.vcxproj", "{DB591261-46E8-48F2-86ED-EC6BCB54299A}"
EndProject
Project("{8BC9CEB8-8B4A-11D0-8D11-00A0C91BC942}") = "glew_static", "glew\build\vc12\glew_static.vcxproj", "{664E6F0D-6784-4760-9565-D54F8EB1EDF4}"
EndProject
Project("{8BC9CEB8-8B4A-11D0-8D11-00A0C91BC942}") = "00_blue_window", "00_blue_window\00_blue_window.vcxproj", "{9DF650B1-2D1E-45EF-86D4-9D76A3B4FBF1}"
	ProjectSection(ProjectDependencies) = postProject
		{664E6F0D-6784-4760-9565-D54F8EB1EDF4} = {664E6F0D-6784-4760-9565-D54F8EB1EDF4}
		{35433F33-36AF-4107-A1BD-CF13986868C6} = {35433F33-36AF-4107-A1BD-CF13986868C6}
		{DB591261-46E8-48F2-86ED-EC6BCB54299A} = {DB591261-46E8-48F2-86ED-EC6BCB54299A}
	EndProjectSection
EndProject
Project("{8BC9CEB8-8B4A-11D0-8D11-00A0C91BC942}") = "01_animating_color", "01_animating_color\01_animating_color.vcxproj", "{F0626A23-46FD-4C59-A6CE-2009B1A73D1C}"
	ProjectSection(ProjectDependencies) = postProject
		{664E6F0D-6784-4760-9565-D54F8EB1EDF4} = {664E6F0D-6784-4760-9565-D54F8EB1EDF4}
		{35433F33-36AF-4107-A1BD-CF13986868C6} = {35433F33-36AF-4107-A1BD-CF13986868C6}
		{DB591261-46E8-48F2-86ED-EC6BCB54299A} = {DB591261-46E8-48F2-86ED-EC6BCB54299A}
	EndProjectSection
EndProject
Project("{8BC9CEB8-8B4A-11D0-8D11-00A0C91BC942}") = "02_first_shader", "02_first_shader\02_first_shader.vcxproj", "{607AC538-96E4-4A63-AFC3-BE4950A3A6D2}"
	ProjectSection(ProjectDependencies) = postProject
		{664E6F0D-6784-4760-9565-D54F8EB1EDF4} = {664E6F0D-6784-4760-9565-D54F8EB1EDF4}
		{35433F33-36AF-4107-A1BD-CF13986868C6} = {35433F33-36AF-4107-A1BD-CF13986868C6}
		{DB591261-46E8-48F2-86ED-EC6BCB54299A} = {DB591261-46E8-48F2-86ED-EC6BCB54299A}
	EndProjectSection
EndProject
Project("{8BC9CEB8-8B4A-11D0-8D11-00A0C91BC942}") = "03_first_triangle", "03_first_triangle\03_first_triangle.vcxproj", "{40F994FB-3442-4B65-8B67-98DEDA7A0AE8}"
	ProjectSection(ProjectDependencies) = postProject
		{664E6F0D-6784-4760-9565-D54F8EB1EDF4} = {664E6F0D-6784-4760-9565-D54F8EB1EDF4}
		{35433F33-36AF-4107-A1BD-CF13986868C6} = {35433F33-36AF-4107-A1BD-CF13986868C6}
		{DB591261-46E8-48F2-86ED-EC6BCB54299A} = {DB591261-46E8-48F2-86ED-EC6BCB54299A}
	EndProjectSection
EndProject
Project("{8BC9CEB8-8B4A-11D0-8D11-00A0C91BC942}") = "04_vertex_attribute", "04_vertex_attribute\04_vertex_attribute.vcxproj", "{DBCF65B0-C430-4D35-84E3-D9295B579DD6}"
	ProjectSection(ProjectDependencies) = postProject
		{664E6F0D-6784-4760-9565-D54F8EB1EDF4} = {664E6F0D-6784-4760-9565-D54F8EB1EDF4}
		{35433F33-36AF-4107-A1BD-CF13986868C6} = {35433F33-36AF-4107-A1BD-CF13986868C6}
		{DB591261-46E8-48F2-86ED-EC6BCB54299A} = {DB591261-46E8-48F2-86ED-EC6BCB54299A}
	EndProjectSection
EndProject
Project("{8BC9CEB8-8B4A-11D0-8D11-00A0C91BC942}") = "05_passing_data", "05_passing_data\05_passing_data.vcxproj", "{29B172B9-C39F-46B9-A559-E47FA53F4857}"
	ProjectSection(ProjectDependencies) = postProject
		{664E6F0D-6784-4760-9565-D54F8EB1EDF4} = {664E6F0D-6784-4760-9565-D54F8EB1EDF4}
		{35433F33-36AF-4107-A1BD-CF13986868C6} = {35433F33-36AF-4107-A1BD-CF13986868C6}
		{DB591261-46E8-48F2-86ED-EC6BCB54299A} = {DB591261-46E8-48F2-86ED-EC6BCB54299A}
	EndProjectSection
EndProject
Project("{8BC9CEB8-8B4A-11D0-8D11-00A0C91BC942}") = "06_tessellation", "06_tessellation\06_tessellation.vcxproj", "{82CF039E-47CA-486B-9054-71CCF856D608}"
	ProjectSection(ProjectDependencies) = postProject
		{664E6F0D-6784-4760-9565-D54F8EB1EDF4} = {664E6F0D-6784-4760-9565-D54F8EB1EDF4}
		{35433F33-36AF-4107-A1BD-CF13986868C6} = {35433F33-36AF-4107-A1BD-CF13986868C6}
		{DB591261-46E8-48F2-86ED-EC6BCB54299A} = {DB591261-46E8-48F2-86ED-EC6BCB54299A}
	EndProjectSection
EndProject
Project("{8BC9CEB8-8B4A-11D0-8D11-00A0C91BC942}") = "07_geometry_shader", "07_geometry_shader\07_geometry_shader.vcxproj", "{79B61946-A61F-439F-8718-6979E8F616D5}"
	ProjectSection(ProjectDependencies) = postProject
		{664E6F0D-6784-4760-9565-D54F8EB1EDF4} = {664E6F0D-6784-4760-9565-D54F8EB1EDF4}
		{35433F33-36AF-4107-A1BD-CF13986868C6} = {35433F33-36AF-4107-A1BD-CF13986868C6}
		{DB591261-46E8-48F2-86ED-EC6BCB54299A} = {DB591261-46E8-48F2-86ED-EC6BCB54299A}
	EndProjectSection
EndProject
Project("{8BC9CEB8-8B4A-11D0-8D11-00A0C91BC942}") = "common", "common\common.vcxproj", "{35433F33-36AF-4107-A1BD-CF13986868C6}"
EndProject
Project("{8BC9CEB8-8B4A-11D0-8D11-00A0C91BC942}") = "08_feeding_vertex_shader", "08_feeding_vertex_shader\08_feeding_vertex_shader.vcxproj", "{F5D8C80F-3056-4206-8DD0-3ADFB2F97460}"
	ProjectSection(ProjectDependencies) = postProject
		{664E6F0D-6784-4760-9565-D54F8EB1EDF4} = {664E6F0D-6784-4760-9565-D54F8EB1EDF4}
		{35433F33-36AF-4107-A1BD-CF13986868C6} = {35433F33-36AF-4107-A1BD-CF13986868C6}
		{DB591261-46E8-48F2-86ED-EC6BCB54299A} = {DB591261-46E8-48F2-86ED-EC6BCB54299A}
	EndProjectSection
EndProject
Project("{8BC9CEB8-8B4A-11D0-8D11-00A0C91BC942}") = "09_multiple_vertex_shader_inputs", "09_multiple_vertex_shader_inputs\09_multiple_vertex_shader_inputs.vcxproj", "{7C0C11A5-22A1-4EB6-9746-67311D1F0DD8}"
EndProject
Global
	GlobalSection(SolutionConfigurationPlatforms) = preSolution
		Debug|x64 = Debug|x64
		Release|x64 = Release|x64
	EndGlobalSection
	GlobalSection(ProjectConfigurationPlatforms) = postSolution
		{DB591261-46E8-48F2-86ED-EC6BCB54299A}.Debug|x64.ActiveCfg = Debug|x64
		{DB591261-46E8-48F2-86ED-EC6BCB54299A}.Debug|x64.Build.0 = Debug|x64
		{DB591261-46E8-48F2-86ED-EC6BCB54299A}.Release|x64.ActiveCfg = RelWithDebInfo|x64
		{DB591261-46E8-48F2-86ED-EC6BCB54299A}.Release|x64.Build.0 = RelWithDebInfo|x64
		{664E6F0D-6784-4760-9565-D54F8EB1EDF4}.Debug|x64.ActiveCfg = Debug|x64
		{664E6F0D-6784-4760-9565-D54F8EB1EDF4}.Debug|x64.Build.0 = Debug|x64
		{664E6F0D-6784-4760-9565-D54F8EB1EDF4}.Release|x64.ActiveCfg = Release|x64
		{664E6F0D-6784-4760-9565-D54F8EB1EDF4}.Release|x64.Build.0 = Release|x64
		{9DF650B1-2D1E-45EF-86D4-9D76A3B4FBF1}.Debug|x64.ActiveCfg = Debug|x64
		{9DF650B1-2D1E-45EF-86D4-9D76A3B4FBF1}.Debug|x64.Build.0 = Debug|x64
		{9DF650B1-2D1E-45EF-86D4-9D76A3B4FBF1}.Release|x64.ActiveCfg = Release|x64
		{9DF650B1-2D1E-45EF-86D4-9D76A3B4FBF1}.Release|x64.Build.0 = Release|x64
		{F0626A23-46FD-4C59-A6CE-2009B1A73D1C}.Debug|x64.ActiveCfg = Debug|x64
		{F0626A23-46FD-4C59-A6CE-2009B1A73D1C}.Debug|x64.Build.0 = Debug|x64
		{F0626A23-46FD-4C59-A6CE-2009B1A73D1C}.Release|x64.ActiveCfg = Release|x64
		{F0626A23-46FD-4C59-A6CE-2009B1A73D1C}.Release|x64.Build.0 = Release|x64
		{607AC538-96E4-4A63-AFC3-BE4950A3A6D2}.Debug|x64.ActiveCfg = Debug|x64
		{607AC538-96E4-4A63-AFC3-BE4950A3A6D2}.Debug|x64.Build.0 = Debug|x64
		{607AC538-96E4-4A63-AFC3-BE4950A3A6D2}.Release|x64.ActiveCfg = Release|x64
		{607AC538-96E4-4A63-AFC3-BE4950A3A6D2}.Release|x64.Build.0 = Release|x64
		{40F994FB-3442-4B65-8B67-98DEDA7A0AE8}.Debug|x64.ActiveCfg = Debug|x64
		{40F994FB-3442-4B65-8B67-98DEDA7A0AE8}.Debug|x64.Build.0 = Debug|x64
		{40F994FB-3442-4B65-8B67-98DEDA7A0AE8}.Release|x64.ActiveCfg = Release|x64
		{40F994FB-3442-4B65-8B67-98DEDA7A0AE8}.Release|x64.Build.0 = Release|x64
		{DBCF65B0-C430-4D35-84E3-D9295B579DD6}.Debug|x64.ActiveCfg = Debug|x64
		{DBCF65B0-C430-4D35-84E3-D9295B579DD6}.Debug|x64.Build.0 = Debug|x64
		{DBCF65B0-C430-4D35-84E3-D9295B579DD6}.Release|x64.ActiveCfg = Release|x64
		{DBCF65B0-C430-4D35-84E3-D9295B579DD6}.Release|x64.Build.0 = Release|x64
		{29B172B9-C39F-46B9-A559-E47FA53F4857}.Debug|x64.ActiveCfg = Debug|x64
		{29B172B9-C39F-46B9-A559-E47FA53F4857}.Debug|x64.Build.0 = Debug|x64
		{29B172B9-C39F-46B9-A559-E47FA53F4857}.Release|x64.ActiveCfg = Release|x64
		{29B172B9-C39F-46B9-A559-E47FA53F4857}.Release|x64.Build.0 = Release|x64
		{82CF039E-47CA-486B-9054-71CCF856D608}.Debug|x64.ActiveCfg = Debug|x64
		{82CF039E-47CA-486B-9054-71CCF856D608}.Debug|x64.Build.0 = Debug|x64
		{82CF039E-47CA-486B-9054-71CCF856D608}.Release|x64.ActiveCfg = Release|x64
		{82CF039E-47CA-486B-9054-71CCF856D608}.Release|x64.Build.0 = Release|x64
		{79B61946-A61F-439F-8718-6979E8F616D5}.Debug|x64.ActiveCfg = Debug|x64
		{79B61946-A61F-439F-8718-6979E8F616D5}.Debug|x64.Build.0 = Debug|x64
		{79B61946-A61F-439F-8718-6979E8F616D5}.Release|x64.ActiveCfg = Release|x64
		{79B61946-A61F-439F-8718-6979E8F616D5}.Release|x64.Build.0 = Release|x64
		{35433F33-36AF-4107-A1BD-CF13986868C6}.Debug|x64.ActiveCfg = Debug|x64
		{35433F33-36AF-4107-A1BD-CF13986868C6}.Debug|x64.Build.0 = Debug|x64
		{35433F33-36AF-4107-A1BD-CF13986868C6}.Release|x64.ActiveCfg = Release|x64
		{35433F33-36AF-4107-A1BD-CF13986868C6}.Release|x64.Build.0 = Release|x64
		{F5D8C80F-3056-4206-8DD0-3ADFB2F97460}.Debug|x64.ActiveCfg = Debug|x64
		{F5D8C80F-3056-4206-8DD0-3ADFB2F97460}.Debug|x64.Build.0 = Debug|x64
		{F5D8C80F-3056-4206-8DD0-3ADFB2F97460}.Release|x64.ActiveCfg = Release|x64
		{F5D8C80F-3056-4206-8DD0-3ADFB2F97460}.Release|x64.Build.0 = Release|x64
		{7C0C11A5-22A1-4EB6-9746-67311D1F0DD8}.Debug|x64.ActiveCfg = Debug|x64
		{7C0C11A5-22A1-4EB6-9746-67311D1F0DD8}.Debug|x64.Build.0 = Debug|x64
		{7C0C11A5-22A1-4EB6-9746-67311D1F0DD8}.Release|x64.ActiveCfg = Release|x64
		{7C0C11A5-22A1-4EB6-9746-67311D1F0DD8}.Release|x64.Build.0 = Release|x64
	EndGlobalSection
	GlobalSection(SolutionProperties) = preSolution
		HideSolutionNode = FALSE
	EndGlobalSection
EndGlobal
